
Microsoft Visual Studio Solution File, Format Version 12.00
# Visual Studio Version 17
VisualStudioVersion = 17.14.36705.20
MinimumVisualStudioVersion = 10.0.40219.1
Project("{FAE04EC0-301F-11D3-BF4B-00C04F79EFBC}") = "Prjcts", "Prjcts.csproj", "{3D3BE76F-487A-4617-AFCC-C46DE85F105E}"
EndProject
Project("{2150E333-8FDC-42A3-9474-1A3956D46DE8}") = "Solution Items", "Solution Items", "{8EC462FD-D22E-90A8-E5CE-7E832BA40C5D}"
	ProjectSection(SolutionItems) = preProject
		EvenMoreArrays.cs = EvenMoreArrays.cs
	EndProjectSection
EndProject
Global
	GlobalSection(SolutionConfigurationPlatforms) = preSolution
		Debug|Any CPU = Debug|Any CPU
		Release|Any CPU = Release|Any CPU
	EndGlobalSection
	GlobalSection(ProjectConfigurationPlatforms) = postSolution
		{3D3BE76F-487A-4617-AFCC-C46DE85F105E}.Debug|Any CPU.ActiveCfg = Debug|Any CPU
		{3D3BE76F-487A-4617-AFCC-C46DE85F105E}.Debug|Any CPU.Build.0 = Debug|Any CPU
		{3D3BE76F-487A-4617-AFCC-C46DE85F105E}.Release|Any CPU.ActiveCfg = Release|Any CPU
		{3D3BE76F-487A-4617-AFCC-C46DE85F105E}.Release|Any CPU.Build.0 = Release|Any CPU
	EndGlobalSection
	GlobalSection(SolutionProperties) = preSolution
		HideSolutionNode = FALSE
	EndGlobalSection
	GlobalSection(ExtensibilityGlobals) = postSolution
		SolutionGuid = {A95AA733-C353-401B-AB3B-2EEA3BF49E97}
	EndGlobalSection
EndGlobal
